// !$*UTF8*$!
{
	archiveVersion = 1;
	classes = {
	};
	objectVersion = 46;
	objects = {

/* Begin PBXBuildFile section */
		1D3623260D0F684500981E51 /* VerbatimTranslateAppDelegate.m in Sources */ = {isa = PBXBuildFile; fileRef = 1D3623250D0F684500981E51 /* VerbatimTranslateAppDelegate.m */; };
		1D60589B0D05DD56006BFB54 /* main.m in Sources */ = {isa = PBXBuildFile; fileRef = 29B97316FDCFA39411CA2CEA /* main.m */; };
		1D60589F0D05DD5A006BFB54 /* Foundation.framework in Frameworks */ = {isa = PBXBuildFile; fileRef = 1D30AB110D05D00D00671497 /* Foundation.framework */; };
		1DF5F4E00D08C38300B7A737 /* UIKit.framework in Frameworks */ = {isa = PBXBuildFile; fileRef = 1DF5F4DF0D08C38300B7A737 /* UIKit.framework */; };
		280E754D0DD40C5E005A515E /* FlipsideView.xib in Resources */ = {isa = PBXBuildFile; fileRef = 280E754A0DD40C5E005A515E /* FlipsideView.xib */; };
		280E754E0DD40C5E005A515E /* MainView.xib in Resources */ = {isa = PBXBuildFile; fileRef = 280E754B0DD40C5E005A515E /* MainView.xib */; };
		280E754F0DD40C5E005A515E /* MainWindow.xib in Resources */ = {isa = PBXBuildFile; fileRef = 280E754C0DD40C5E005A515E /* MainWindow.xib */; };
		288765590DF743DE002DB57D /* CoreGraphics.framework in Frameworks */ = {isa = PBXBuildFile; fileRef = 288765580DF743DE002DB57D /* CoreGraphics.framework */; };
		289233AE0DB2D0DB0083E9F9 /* MainViewController.m in Sources */ = {isa = PBXBuildFile; fileRef = 289233A90DB2D0DB0083E9F9 /* MainViewController.m */; };
		289233B00DB2D0DB0083E9F9 /* FlipsideViewController.m in Sources */ = {isa = PBXBuildFile; fileRef = 289233AD0DB2D0DB0083E9F9 /* FlipsideViewController.m */; };
		7023B952127E1510008FCABE /* WordViewController.xib in Resources */ = {isa = PBXBuildFile; fileRef = 7023B950127E1510008FCABE /* WordViewController.xib */; };
		7023B956127E1526008FCABE /* mariachi.png in Resources */ = {isa = PBXBuildFile; fileRef = 7023B954127E1526008FCABE /* mariachi.png */; };
		7023B957127E1526008FCABE /* panda.png in Resources */ = {isa = PBXBuildFile; fileRef = 7023B955127E1526008FCABE /* panda.png */; };
		7028DFB9127E19B50034EE04 /* ThemeController.m in Sources */ = {isa = PBXBuildFile; fileRef = 7028DFB7127E19B50034EE04 /* ThemeController.m */; };
		7028E027127E1F870034EE04 /* WordBubbleController.m in Sources */ = {isa = PBXBuildFile; fileRef = 7028E024127E1F870034EE04 /* WordBubbleController.m */; };
		7028E028127E1F870034EE04 /* WordBubbleView.m in Sources */ = {isa = PBXBuildFile; fileRef = 7028E026127E1F870034EE04 /* WordBubbleView.m */; };
		702C61BB127F895F002BB9C6 /* AutoSuggestManager.m in Sources */ = {isa = PBXBuildFile; fileRef = 702C61B8127F895F002BB9C6 /* AutoSuggestManager.m */; };
		702C61BC127F895F002BB9C6 /* AutoSuggestProtoViewController.m in Sources */ = {isa = PBXBuildFile; fileRef = 702C61BA127F895F002BB9C6 /* AutoSuggestProtoViewController.m */; };
		702C61BE127F8970002BB9C6 /* AutoSuggestProtoViewController.xib in Resources */ = {isa = PBXBuildFile; fileRef = 702C61BD127F8970002BB9C6 /* AutoSuggestProtoViewController.xib */; };
		702C61D3127F89E1002BB9C6 /* libsqlite3.0.dylib in Frameworks */ = {isa = PBXBuildFile; fileRef = 702C61D2127F89E1002BB9C6 /* libsqlite3.0.dylib */; };
		702C61D9127F8A1B002BB9C6 /* verbatim.sql in Resources */ = {isa = PBXBuildFile; fileRef = 702C61D8127F8A1B002BB9C6 /* verbatim.sql */; };
		703539C51282A2C000B9A8BE /* Bubble.png in Resources */ = {isa = PBXBuildFile; fileRef = 703539C21282A2C000B9A8BE /* Bubble.png */; };
		703539C61282A2C000B9A8BE /* Arrow2.png in Resources */ = {isa = PBXBuildFile; fileRef = 703539C31282A2C000B9A8BE /* Arrow2.png */; };
		703539C71282A2C000B9A8BE /* Arrow1.png in Resources */ = {isa = PBXBuildFile; fileRef = 703539C41282A2C000B9A8BE /* Arrow1.png */; };
		703539FA1282A4C600B9A8BE /* Bubble_nostroke.png in Resources */ = {isa = PBXBuildFile; fileRef = 703539F71282A4C600B9A8BE /* Bubble_nostroke.png */; };
		703539FB1282A4C600B9A8BE /* Arrow2_nostroke.png in Resources */ = {isa = PBXBuildFile; fileRef = 703539F81282A4C600B9A8BE /* Arrow2_nostroke.png */; };
		703539FC1282A4C600B9A8BE /* Arrow1_nostroke.png in Resources */ = {isa = PBXBuildFile; fileRef = 703539F91282A4C600B9A8BE /* Arrow1_nostroke.png */; };
		7037479512828EA600421C51 /* FlagsTableViewController.m in Sources */ = {isa = PBXBuildFile; fileRef = 7037479312828EA600421C51 /* FlagsTableViewController.m */; };
		70374900128296A400421C51 /* Turkey40.png in Resources */ = {isa = PBXBuildFile; fileRef = 703748CE128296A400421C51 /* Turkey40.png */; };
		70374901128296A400421C51 /* Turkey30.png in Resources */ = {isa = PBXBuildFile; fileRef = 703748CF128296A400421C51 /* Turkey30.png */; };
		70374902128296A400421C51 /* Swedish40.png in Resources */ = {isa = PBXBuildFile; fileRef = 703748D0128296A400421C51 /* Swedish40.png */; };
		70374903128296A400421C51 /* Swedish30.png in Resources */ = {isa = PBXBuildFile; fileRef = 703748D1128296A400421C51 /* Swedish30.png */; };
		70374904128296A400421C51 /* SpanishLatinAmerica40.png in Resources */ = {isa = PBXBuildFile; fileRef = 703748D2128296A400421C51 /* SpanishLatinAmerica40.png */; };
		70374905128296A400421C51 /* SpanishLatinAmerica30.png in Resources */ = {isa = PBXBuildFile; fileRef = 703748D3128296A400421C51 /* SpanishLatinAmerica30.png */; };
		70374906128296A400421C51 /* SpanishEU40.png in Resources */ = {isa = PBXBuildFile; fileRef = 703748D4128296A400421C51 /* SpanishEU40.png */; };
		70374907128296A400421C51 /* SpanishEU30.png in Resources */ = {isa = PBXBuildFile; fileRef = 703748D5128296A400421C51 /* SpanishEU30.png */; };
		70374908128296A400421C51 /* Slovak40.png in Resources */ = {isa = PBXBuildFile; fileRef = 703748D6128296A400421C51 /* Slovak40.png */; };
		70374909128296A400421C51 /* Slovak30.png in Resources */ = {isa = PBXBuildFile; fileRef = 703748D7128296A400421C51 /* Slovak30.png */; };
		7037490A128296A400421C51 /* Russian40.png in Resources */ = {isa = PBXBuildFile; fileRef = 703748D8128296A400421C51 /* Russian40.png */; };
		7037490B128296A400421C51 /* Russian30.png in Resources */ = {isa = PBXBuildFile; fileRef = 703748D9128296A400421C51 /* Russian30.png */; };
		7037490C128296A400421C51 /* PortugueseEU40.png in Resources */ = {isa = PBXBuildFile; fileRef = 703748DA128296A400421C51 /* PortugueseEU40.png */; };
		7037490D128296A400421C51 /* PortugueseEU30.png in Resources */ = {isa = PBXBuildFile; fileRef = 703748DB128296A400421C51 /* PortugueseEU30.png */; };
		7037490E128296A400421C51 /* PortugueseBrazil40.png in Resources */ = {isa = PBXBuildFile; fileRef = 703748DC128296A400421C51 /* PortugueseBrazil40.png */; };
		7037490F128296A400421C51 /* PortugueseBrazil30.png in Resources */ = {isa = PBXBuildFile; fileRef = 703748DD128296A400421C51 /* PortugueseBrazil30.png */; };
		70374910128296A400421C51 /* Polish40.png in Resources */ = {isa = PBXBuildFile; fileRef = 703748DE128296A400421C51 /* Polish40.png */; };
		70374911128296A400421C51 /* Polish30.png in Resources */ = {isa = PBXBuildFile; fileRef = 703748DF128296A400421C51 /* Polish30.png */; };
		70374912128296A400421C51 /* Norwegian40.png in Resources */ = {isa = PBXBuildFile; fileRef = 703748E0128296A400421C51 /* Norwegian40.png */; };
		70374913128296A400421C51 /* Norwegian30.png in Resources */ = {isa = PBXBuildFile; fileRef = 703748E1128296A400421C51 /* Norwegian30.png */; };
		70374914128296A400421C51 /* Korean40.png in Resources */ = {isa = PBXBuildFile; fileRef = 703748E2128296A400421C51 /* Korean40.png */; };
		70374915128296A400421C51 /* Korean30.png in Resources */ = {isa = PBXBuildFile; fileRef = 703748E3128296A400421C51 /* Korean30.png */; };
		70374916128296A400421C51 /* Japanese40.png in Resources */ = {isa = PBXBuildFile; fileRef = 703748E4128296A400421C51 /* Japanese40.png */; };
		70374917128296A400421C51 /* Japanese30.png in Resources */ = {isa = PBXBuildFile; fileRef = 703748E5128296A400421C51 /* Japanese30.png */; };
		70374918128296A400421C51 /* Italian40.png in Resources */ = {isa = PBXBuildFile; fileRef = 703748E6128296A400421C51 /* Italian40.png */; };
		70374919128296A400421C51 /* Italian30.png in Resources */ = {isa = PBXBuildFile; fileRef = 703748E7128296A400421C51 /* Italian30.png */; };
		7037491A128296A400421C51 /* Hungarian40.png in Resources */ = {isa = PBXBuildFile; fileRef = 703748E8128296A400421C51 /* Hungarian40.png */; };
		7037491B128296A400421C51 /* Hungarian30.png in Resources */ = {isa = PBXBuildFile; fileRef = 703748E9128296A400421C51 /* Hungarian30.png */; };
		7037491C128296A400421C51 /* German40.png in Resources */ = {isa = PBXBuildFile; fileRef = 703748EA128296A400421C51 /* German40.png */; };
		7037491D128296A400421C51 /* German30.png in Resources */ = {isa = PBXBuildFile; fileRef = 703748EB128296A400421C51 /* German30.png */; };
		7037491E128296A400421C51 /* FrenchEU40.png in Resources */ = {isa = PBXBuildFile; fileRef = 703748EC128296A400421C51 /* FrenchEU40.png */; };
		7037491F128296A400421C51 /* FrenchEU30.png in Resources */ = {isa = PBXBuildFile; fileRef = 703748ED128296A400421C51 /* FrenchEU30.png */; };
		70374920128296A400421C51 /* FrenchCA40.png in Resources */ = {isa = PBXBuildFile; fileRef = 703748EE128296A400421C51 /* FrenchCA40.png */; };
		70374921128296A400421C51 /* FrenchCA30.png in Resources */ = {isa = PBXBuildFile; fileRef = 703748EF128296A400421C51 /* FrenchCA30.png */; };
		70374922128296A400421C51 /* Finnish40.png in Resources */ = {isa = PBXBuildFile; fileRef = 703748F0128296A400421C51 /* Finnish40.png */; };
		70374923128296A400421C51 /* Finnish30.png in Resources */ = {isa = PBXBuildFile; fileRef = 703748F1128296A400421C51 /* Finnish30.png */; };
		70374924128296A400421C51 /* EnglishUS40.png in Resources */ = {isa = PBXBuildFile; fileRef = 703748F2128296A400421C51 /* EnglishUS40.png */; };
		70374925128296A400421C51 /* EnglishUS30.png in Resources */ = {isa = PBXBuildFile; fileRef = 703748F3128296A400421C51 /* EnglishUS30.png */; };
		70374926128296A400421C51 /* EnglishUK40.png in Resources */ = {isa = PBXBuildFile; fileRef = 703748F4128296A400421C51 /* EnglishUK40.png */; };
		70374927128296A400421C51 /* EnglishUK30.png in Resources */ = {isa = PBXBuildFile; fileRef = 703748F5128296A400421C51 /* EnglishUK30.png */; };
		70374928128296A400421C51 /* Dutch40.png in Resources */ = {isa = PBXBuildFile; fileRef = 703748F6128296A400421C51 /* Dutch40.png */; };
		70374929128296A400421C51 /* Dutch30.png in Resources */ = {isa = PBXBuildFile; fileRef = 703748F7128296A400421C51 /* Dutch30.png */; };
		7037492A128296A400421C51 /* Danish40.png in Resources */ = {isa = PBXBuildFile; fileRef = 703748F8128296A400421C51 /* Danish40.png */; };
		7037492B128296A400421C51 /* Danish30.png in Resources */ = {isa = PBXBuildFile; fileRef = 703748F9128296A400421C51 /* Danish30.png */; };
		7037492C128296A400421C51 /* Czech40.png in Resources */ = {isa = PBXBuildFile; fileRef = 703748FA128296A400421C51 /* Czech40.png */; };
		7037492D128296A400421C51 /* Czech30.png in Resources */ = {isa = PBXBuildFile; fileRef = 703748FB128296A400421C51 /* Czech30.png */; };
		7037492E128296A400421C51 /* ChineseTraditional40.png in Resources */ = {isa = PBXBuildFile; fileRef = 703748FC128296A400421C51 /* ChineseTraditional40.png */; };
		7037492F128296A400421C51 /* ChineseTraditional30.png in Resources */ = {isa = PBXBuildFile; fileRef = 703748FD128296A400421C51 /* ChineseTraditional30.png */; };
		70374930128296A400421C51 /* ChineseSimplified40.png in Resources */ = {isa = PBXBuildFile; fileRef = 703748FE128296A400421C51 /* ChineseSimplified40.png */; };
		70374931128296A400421C51 /* ChineseSimplified30.png in Resources */ = {isa = PBXBuildFile; fileRef = 703748FF128296A400421C51 /* ChineseSimplified30.png */; };
		7037498F128299C600421C51 /* FlagTableViewCell.m in Sources */ = {isa = PBXBuildFile; fileRef = 7037498E128299C600421C51 /* FlagTableViewCell.m */; };
		70C1073912801072007BA298 /* Icon.png in Resources */ = {isa = PBXBuildFile; fileRef = 70C1073812801072007BA298 /* Icon.png */; };
		70E85049127EA62C000FCCA8 /* default-theme.plist in Resources */ = {isa = PBXBuildFile; fileRef = 70E85048127EA62C000FCCA8 /* default-theme.plist */; };
		70E8506A127EA8F5000FCCA8 /* WordBubbleController.xib in Resources */ = {isa = PBXBuildFile; fileRef = 70E85069127EA8F5000FCCA8 /* WordBubbleController.xib */; };
		70E85071127EA93B000FCCA8 /* wordbubblearrow.png in Resources */ = {isa = PBXBuildFile; fileRef = 70E8506F127EA93B000FCCA8 /* wordbubblearrow.png */; };
		70E85072127EA93B000FCCA8 /* wordbubble.png in Resources */ = {isa = PBXBuildFile; fileRef = 70E85070127EA93B000FCCA8 /* wordbubble.png */; };
		70E850CB127EAF53000FCCA8 /* wordbubblearrowreverse.png in Resources */ = {isa = PBXBuildFile; fileRef = 70E850CA127EAF53000FCCA8 /* wordbubblearrowreverse.png */; };
		70E8EED0127FFE1500323D92 /* NSObject+SBJSON.m in Sources */ = {isa = PBXBuildFile; fileRef = 70E8EECB127FFE1500323D92 /* NSObject+SBJSON.m */; };
		70E8EED1127FFE1500323D92 /* NSString+SBJSON.m in Sources */ = {isa = PBXBuildFile; fileRef = 70E8EECD127FFE1500323D92 /* NSString+SBJSON.m */; };
		70E8EED2127FFE1500323D92 /* SBJSON.m in Sources */ = {isa = PBXBuildFile; fileRef = 70E8EECF127FFE1500323D92 /* SBJSON.m */; };
/* End PBXBuildFile section */

/* Begin PBXFileReference section */
		1D30AB110D05D00D00671497 /* Foundation.framework */ = {isa = PBXFileReference; lastKnownFileType = wrapper.framework; name = Foundation.framework; path = System/Library/Frameworks/Foundation.framework; sourceTree = SDKROOT; };
		1D3623240D0F684500981E51 /* VerbatimTranslateAppDelegate.h */ = {isa = PBXFileReference; fileEncoding = 4; lastKnownFileType = sourcecode.c.h; name = VerbatimTranslateAppDelegate.h; path = Classes/VerbatimTranslateAppDelegate.h; sourceTree = "<group>"; };
		1D3623250D0F684500981E51 /* VerbatimTranslateAppDelegate.m */ = {isa = PBXFileReference; fileEncoding = 4; lastKnownFileType = sourcecode.c.objc; name = VerbatimTranslateAppDelegate.m; path = Classes/VerbatimTranslateAppDelegate.m; sourceTree = "<group>"; };
		1D6058910D05DD3D006BFB54 /* VerbatimTranslate.app */ = {isa = PBXFileReference; explicitFileType = wrapper.application; includeInIndex = 0; path = VerbatimTranslate.app; sourceTree = BUILT_PRODUCTS_DIR; };
		1DF5F4DF0D08C38300B7A737 /* UIKit.framework */ = {isa = PBXFileReference; lastKnownFileType = wrapper.framework; name = UIKit.framework; path = System/Library/Frameworks/UIKit.framework; sourceTree = SDKROOT; };
		280E754A0DD40C5E005A515E /* FlipsideView.xib */ = {isa = PBXFileReference; lastKnownFileType = file.xib; path = FlipsideView.xib; sourceTree = "<group>"; };
		280E754B0DD40C5E005A515E /* MainView.xib */ = {isa = PBXFileReference; lastKnownFileType = file.xib; path = MainView.xib; sourceTree = "<group>"; };
		280E754C0DD40C5E005A515E /* MainWindow.xib */ = {isa = PBXFileReference; lastKnownFileType = file.xib; path = MainWindow.xib; sourceTree = "<group>"; };
		288765580DF743DE002DB57D /* CoreGraphics.framework */ = {isa = PBXFileReference; lastKnownFileType = wrapper.framework; name = CoreGraphics.framework; path = System/Library/Frameworks/CoreGraphics.framework; sourceTree = SDKROOT; };
		289233A80DB2D0DB0083E9F9 /* MainViewController.h */ = {isa = PBXFileReference; fileEncoding = 4; lastKnownFileType = sourcecode.c.h; name = MainViewController.h; path = Classes/MainViewController.h; sourceTree = "<group>"; };
		289233A90DB2D0DB0083E9F9 /* MainViewController.m */ = {isa = PBXFileReference; fileEncoding = 4; lastKnownFileType = sourcecode.c.objc; name = MainViewController.m; path = Classes/MainViewController.m; sourceTree = "<group>"; };
		289233AC0DB2D0DB0083E9F9 /* FlipsideViewController.h */ = {isa = PBXFileReference; fileEncoding = 4; lastKnownFileType = sourcecode.c.h; name = FlipsideViewController.h; path = Classes/FlipsideViewController.h; sourceTree = "<group>"; };
		289233AD0DB2D0DB0083E9F9 /* FlipsideViewController.m */ = {isa = PBXFileReference; fileEncoding = 4; lastKnownFileType = sourcecode.c.objc; name = FlipsideViewController.m; path = Classes/FlipsideViewController.m; sourceTree = "<group>"; };
		29B97316FDCFA39411CA2CEA /* main.m */ = {isa = PBXFileReference; fileEncoding = 4; lastKnownFileType = sourcecode.c.objc; path = main.m; sourceTree = "<group>"; };
		32CA4F630368D1EE00C91783 /* VerbatimTranslate_Prefix.pch */ = {isa = PBXFileReference; fileEncoding = 4; lastKnownFileType = sourcecode.c.h; path = VerbatimTranslate_Prefix.pch; sourceTree = "<group>"; };
		7023B935127E1444008FCABE /* Entitlements.plist */ = {isa = PBXFileReference; fileEncoding = 4; lastKnownFileType = text.plist.xml; path = Entitlements.plist; sourceTree = "<group>"; };
		7023B950127E1510008FCABE /* WordViewController.xib */ = {isa = PBXFileReference; lastKnownFileType = file.xib; path = WordViewController.xib; sourceTree = "<group>"; };
		7023B954127E1526008FCABE /* mariachi.png */ = {isa = PBXFileReference; lastKnownFileType = image.png; path = mariachi.png; sourceTree = "<group>"; };
		7023B955127E1526008FCABE /* panda.png */ = {isa = PBXFileReference; lastKnownFileType = image.png; path = panda.png; sourceTree = "<group>"; };
		7028DFB6127E19B50034EE04 /* ThemeController.h */ = {isa = PBXFileReference; fileEncoding = 4; lastKnownFileType = sourcecode.c.h; path = ThemeController.h; sourceTree = "<group>"; };
		7028DFB7127E19B50034EE04 /* ThemeController.m */ = {isa = PBXFileReference; fileEncoding = 4; lastKnownFileType = sourcecode.c.objc; path = ThemeController.m; sourceTree = "<group>"; };
		7028E023127E1F870034EE04 /* WordBubbleController.h */ = {isa = PBXFileReference; fileEncoding = 4; lastKnownFileType = sourcecode.c.h; path = WordBubbleController.h; sourceTree = "<group>"; };
		7028E024127E1F870034EE04 /* WordBubbleController.m */ = {isa = PBXFileReference; fileEncoding = 4; lastKnownFileType = sourcecode.c.objc; path = WordBubbleController.m; sourceTree = "<group>"; };
		7028E025127E1F870034EE04 /* WordBubbleView.h */ = {isa = PBXFileReference; fileEncoding = 4; lastKnownFileType = sourcecode.c.h; path = WordBubbleView.h; sourceTree = "<group>"; };
		7028E026127E1F870034EE04 /* WordBubbleView.m */ = {isa = PBXFileReference; fileEncoding = 4; lastKnownFileType = sourcecode.c.objc; path = WordBubbleView.m; sourceTree = "<group>"; };
		702C61B7127F895F002BB9C6 /* AutoSuggestManager.h */ = {isa = PBXFileReference; fileEncoding = 4; lastKnownFileType = sourcecode.c.h; path = AutoSuggestManager.h; sourceTree = "<group>"; };
		702C61B8127F895F002BB9C6 /* AutoSuggestManager.m */ = {isa = PBXFileReference; fileEncoding = 4; lastKnownFileType = sourcecode.c.objc; path = AutoSuggestManager.m; sourceTree = "<group>"; };
		702C61B9127F895F002BB9C6 /* AutoSuggestProtoViewController.h */ = {isa = PBXFileReference; fileEncoding = 4; lastKnownFileType = sourcecode.c.h; path = AutoSuggestProtoViewController.h; sourceTree = "<group>"; };
		702C61BA127F895F002BB9C6 /* AutoSuggestProtoViewController.m */ = {isa = PBXFileReference; fileEncoding = 4; lastKnownFileType = sourcecode.c.objc; path = AutoSuggestProtoViewController.m; sourceTree = "<group>"; };
		702C61BD127F8970002BB9C6 /* AutoSuggestProtoViewController.xib */ = {isa = PBXFileReference; lastKnownFileType = file.xib; path = AutoSuggestProtoViewController.xib; sourceTree = "<group>"; };
		702C61D2127F89E1002BB9C6 /* libsqlite3.0.dylib */ = {isa = PBXFileReference; lastKnownFileType = "compiled.mach-o.dylib"; name = libsqlite3.0.dylib; path = usr/lib/libsqlite3.0.dylib; sourceTree = SDKROOT; };
		702C61D8127F8A1B002BB9C6 /* verbatim.sql */ = {isa = PBXFileReference; lastKnownFileType = file; path = verbatim.sql; sourceTree = "<group>"; };
		703539C21282A2C000B9A8BE /* Bubble.png */ = {isa = PBXFileReference; lastKnownFileType = image.png; path = Bubble.png; sourceTree = "<group>"; };
		703539C31282A2C000B9A8BE /* Arrow2.png */ = {isa = PBXFileReference; lastKnownFileType = image.png; path = Arrow2.png; sourceTree = "<group>"; };
		703539C41282A2C000B9A8BE /* Arrow1.png */ = {isa = PBXFileReference; lastKnownFileType = image.png; path = Arrow1.png; sourceTree = "<group>"; };
		703539F71282A4C600B9A8BE /* Bubble_nostroke.png */ = {isa = PBXFileReference; lastKnownFileType = image.png; path = Bubble_nostroke.png; sourceTree = "<group>"; };
		703539F81282A4C600B9A8BE /* Arrow2_nostroke.png */ = {isa = PBXFileReference; lastKnownFileType = image.png; path = Arrow2_nostroke.png; sourceTree = "<group>"; };
		703539F91282A4C600B9A8BE /* Arrow1_nostroke.png */ = {isa = PBXFileReference; lastKnownFileType = image.png; path = Arrow1_nostroke.png; sourceTree = "<group>"; };
		7037479212828EA600421C51 /* FlagsTableViewController.h */ = {isa = PBXFileReference; fileEncoding = 4; lastKnownFileType = sourcecode.c.h; path = FlagsTableViewController.h; sourceTree = "<group>"; };
		7037479312828EA600421C51 /* FlagsTableViewController.m */ = {isa = PBXFileReference; fileEncoding = 4; lastKnownFileType = sourcecode.c.objc; path = FlagsTableViewController.m; sourceTree = "<group>"; };
		703748CE128296A400421C51 /* Turkey40.png */ = {isa = PBXFileReference; lastKnownFileType = image.png; path = Turkey40.png; sourceTree = "<group>"; };
		703748CF128296A400421C51 /* Turkey30.png */ = {isa = PBXFileReference; lastKnownFileType = image.png; path = Turkey30.png; sourceTree = "<group>"; };
		703748D0128296A400421C51 /* Swedish40.png */ = {isa = PBXFileReference; lastKnownFileType = image.png; path = Swedish40.png; sourceTree = "<group>"; };
		703748D1128296A400421C51 /* Swedish30.png */ = {isa = PBXFileReference; lastKnownFileType = image.png; path = Swedish30.png; sourceTree = "<group>"; };
		703748D2128296A400421C51 /* SpanishLatinAmerica40.png */ = {isa = PBXFileReference; lastKnownFileType = image.png; path = SpanishLatinAmerica40.png; sourceTree = "<group>"; };
		703748D3128296A400421C51 /* SpanishLatinAmerica30.png */ = {isa = PBXFileReference; lastKnownFileType = image.png; path = SpanishLatinAmerica30.png; sourceTree = "<group>"; };
		703748D4128296A400421C51 /* SpanishEU40.png */ = {isa = PBXFileReference; lastKnownFileType = image.png; path = SpanishEU40.png; sourceTree = "<group>"; };
		703748D5128296A400421C51 /* SpanishEU30.png */ = {isa = PBXFileReference; lastKnownFileType = image.png; path = SpanishEU30.png; sourceTree = "<group>"; };
		703748D6128296A400421C51 /* Slovak40.png */ = {isa = PBXFileReference; lastKnownFileType = image.png; path = Slovak40.png; sourceTree = "<group>"; };
		703748D7128296A400421C51 /* Slovak30.png */ = {isa = PBXFileReference; lastKnownFileType = image.png; path = Slovak30.png; sourceTree = "<group>"; };
		703748D8128296A400421C51 /* Russian40.png */ = {isa = PBXFileReference; lastKnownFileType = image.png; path = Russian40.png; sourceTree = "<group>"; };
		703748D9128296A400421C51 /* Russian30.png */ = {isa = PBXFileReference; lastKnownFileType = image.png; path = Russian30.png; sourceTree = "<group>"; };
		703748DA128296A400421C51 /* PortugueseEU40.png */ = {isa = PBXFileReference; lastKnownFileType = image.png; path = PortugueseEU40.png; sourceTree = "<group>"; };
		703748DB128296A400421C51 /* PortugueseEU30.png */ = {isa = PBXFileReference; lastKnownFileType = image.png; path = PortugueseEU30.png; sourceTree = "<group>"; };
		703748DC128296A400421C51 /* PortugueseBrazil40.png */ = {isa = PBXFileReference; lastKnownFileType = image.png; path = PortugueseBrazil40.png; sourceTree = "<group>"; };
		703748DD128296A400421C51 /* PortugueseBrazil30.png */ = {isa = PBXFileReference; lastKnownFileType = image.png; path = PortugueseBrazil30.png; sourceTree = "<group>"; };
		703748DE128296A400421C51 /* Polish40.png */ = {isa = PBXFileReference; lastKnownFileType = image.png; path = Polish40.png; sourceTree = "<group>"; };
		703748DF128296A400421C51 /* Polish30.png */ = {isa = PBXFileReference; lastKnownFileType = image.png; path = Polish30.png; sourceTree = "<group>"; };
		703748E0128296A400421C51 /* Norwegian40.png */ = {isa = PBXFileReference; lastKnownFileType = image.png; path = Norwegian40.png; sourceTree = "<group>"; };
		703748E1128296A400421C51 /* Norwegian30.png */ = {isa = PBXFileReference; lastKnownFileType = image.png; path = Norwegian30.png; sourceTree = "<group>"; };
		703748E2128296A400421C51 /* Korean40.png */ = {isa = PBXFileReference; lastKnownFileType = image.png; path = Korean40.png; sourceTree = "<group>"; };
		703748E3128296A400421C51 /* Korean30.png */ = {isa = PBXFileReference; lastKnownFileType = image.png; path = Korean30.png; sourceTree = "<group>"; };
		703748E4128296A400421C51 /* Japanese40.png */ = {isa = PBXFileReference; lastKnownFileType = image.png; path = Japanese40.png; sourceTree = "<group>"; };
		703748E5128296A400421C51 /* Japanese30.png */ = {isa = PBXFileReference; lastKnownFileType = image.png; path = Japanese30.png; sourceTree = "<group>"; };
		703748E6128296A400421C51 /* Italian40.png */ = {isa = PBXFileReference; lastKnownFileType = image.png; path = Italian40.png; sourceTree = "<group>"; };
		703748E7128296A400421C51 /* Italian30.png */ = {isa = PBXFileReference; lastKnownFileType = image.png; path = Italian30.png; sourceTree = "<group>"; };
		703748E8128296A400421C51 /* Hungarian40.png */ = {isa = PBXFileReference; lastKnownFileType = image.png; path = Hungarian40.png; sourceTree = "<group>"; };
		703748E9128296A400421C51 /* Hungarian30.png */ = {isa = PBXFileReference; lastKnownFileType = image.png; path = Hungarian30.png; sourceTree = "<group>"; };
		703748EA128296A400421C51 /* German40.png */ = {isa = PBXFileReference; lastKnownFileType = image.png; path = German40.png; sourceTree = "<group>"; };
		703748EB128296A400421C51 /* German30.png */ = {isa = PBXFileReference; lastKnownFileType = image.png; path = German30.png; sourceTree = "<group>"; };
		703748EC128296A400421C51 /* FrenchEU40.png */ = {isa = PBXFileReference; lastKnownFileType = image.png; path = FrenchEU40.png; sourceTree = "<group>"; };
		703748ED128296A400421C51 /* FrenchEU30.png */ = {isa = PBXFileReference; lastKnownFileType = image.png; path = FrenchEU30.png; sourceTree = "<group>"; };
		703748EE128296A400421C51 /* FrenchCA40.png */ = {isa = PBXFileReference; lastKnownFileType = image.png; path = FrenchCA40.png; sourceTree = "<group>"; };
		703748EF128296A400421C51 /* FrenchCA30.png */ = {isa = PBXFileReference; lastKnownFileType = image.png; path = FrenchCA30.png; sourceTree = "<group>"; };
		703748F0128296A400421C51 /* Finnish40.png */ = {isa = PBXFileReference; lastKnownFileType = image.png; path = Finnish40.png; sourceTree = "<group>"; };
		703748F1128296A400421C51 /* Finnish30.png */ = {isa = PBXFileReference; lastKnownFileType = image.png; path = Finnish30.png; sourceTree = "<group>"; };
		703748F2128296A400421C51 /* EnglishUS40.png */ = {isa = PBXFileReference; lastKnownFileType = image.png; path = EnglishUS40.png; sourceTree = "<group>"; };
		703748F3128296A400421C51 /* EnglishUS30.png */ = {isa = PBXFileReference; lastKnownFileType = image.png; path = EnglishUS30.png; sourceTree = "<group>"; };
		703748F4128296A400421C51 /* EnglishUK40.png */ = {isa = PBXFileReference; lastKnownFileType = image.png; path = EnglishUK40.png; sourceTree = "<group>"; };
		703748F5128296A400421C51 /* EnglishUK30.png */ = {isa = PBXFileReference; lastKnownFileType = image.png; path = EnglishUK30.png; sourceTree = "<group>"; };
		703748F6128296A400421C51 /* Dutch40.png */ = {isa = PBXFileReference; lastKnownFileType = image.png; path = Dutch40.png; sourceTree = "<group>"; };
		703748F7128296A400421C51 /* Dutch30.png */ = {isa = PBXFileReference; lastKnownFileType = image.png; path = Dutch30.png; sourceTree = "<group>"; };
		703748F8128296A400421C51 /* Danish40.png */ = {isa = PBXFileReference; lastKnownFileType = image.png; path = Danish40.png; sourceTree = "<group>"; };
		703748F9128296A400421C51 /* Danish30.png */ = {isa = PBXFileReference; lastKnownFileType = image.png; path = Danish30.png; sourceTree = "<group>"; };
		703748FA128296A400421C51 /* Czech40.png */ = {isa = PBXFileReference; lastKnownFileType = image.png; path = Czech40.png; sourceTree = "<group>"; };
		703748FB128296A400421C51 /* Czech30.png */ = {isa = PBXFileReference; lastKnownFileType = image.png; path = Czech30.png; sourceTree = "<group>"; };
		703748FC128296A400421C51 /* ChineseTraditional40.png */ = {isa = PBXFileReference; lastKnownFileType = image.png; path = ChineseTraditional40.png; sourceTree = "<group>"; };
		703748FD128296A400421C51 /* ChineseTraditional30.png */ = {isa = PBXFileReference; lastKnownFileType = image.png; path = ChineseTraditional30.png; sourceTree = "<group>"; };
		703748FE128296A400421C51 /* ChineseSimplified40.png */ = {isa = PBXFileReference; lastKnownFileType = image.png; path = ChineseSimplified40.png; sourceTree = "<group>"; };
		703748FF128296A400421C51 /* ChineseSimplified30.png */ = {isa = PBXFileReference; lastKnownFileType = image.png; path = ChineseSimplified30.png; sourceTree = "<group>"; };
		7037498D128299C600421C51 /* FlagTableViewCell.h */ = {isa = PBXFileReference; fileEncoding = 4; lastKnownFileType = sourcecode.c.h; path = FlagTableViewCell.h; sourceTree = "<group>"; };
		7037498E128299C600421C51 /* FlagTableViewCell.m */ = {isa = PBXFileReference; fileEncoding = 4; lastKnownFileType = sourcecode.c.objc; path = FlagTableViewCell.m; sourceTree = "<group>"; };
		70C1073812801072007BA298 /* Icon.png */ = {isa = PBXFileReference; lastKnownFileType = image.png; path = Icon.png; sourceTree = "<group>"; };
		70E84F14127E8099000FCCA8 /* VerbatimConstants.h */ = {isa = PBXFileReference; fileEncoding = 4; lastKnownFileType = sourcecode.c.h; path = VerbatimConstants.h; sourceTree = "<group>"; };
		70E85048127EA62C000FCCA8 /* default-theme.plist */ = {isa = PBXFileReference; fileEncoding = 4; lastKnownFileType = text.plist.xml; path = "default-theme.plist"; sourceTree = "<group>"; };
		70E85069127EA8F5000FCCA8 /* WordBubbleController.xib */ = {isa = PBXFileReference; lastKnownFileType = file.xib; path = WordBubbleController.xib; sourceTree = "<group>"; };
		70E8506F127EA93B000FCCA8 /* wordbubblearrow.png */ = {isa = PBXFileReference; lastKnownFileType = image.png; path = wordbubblearrow.png; sourceTree = "<group>"; };
		70E85070127EA93B000FCCA8 /* wordbubble.png */ = {isa = PBXFileReference; lastKnownFileType = image.png; path = wordbubble.png; sourceTree = "<group>"; };
		70E850CA127EAF53000FCCA8 /* wordbubblearrowreverse.png */ = {isa = PBXFileReference; lastKnownFileType = image.png; path = wordbubblearrowreverse.png; sourceTree = "<group>"; };
		70E8EEC9127FFE1500323D92 /* JSON.h */ = {isa = PBXFileReference; fileEncoding = 4; lastKnownFileType = sourcecode.c.h; path = JSON.h; sourceTree = "<group>"; };
		70E8EECA127FFE1500323D92 /* NSObject+SBJSON.h */ = {isa = PBXFileReference; fileEncoding = 4; lastKnownFileType = sourcecode.c.h; path = "NSObject+SBJSON.h"; sourceTree = "<group>"; };
		70E8EECB127FFE1500323D92 /* NSObject+SBJSON.m */ = {isa = PBXFileReference; fileEncoding = 4; lastKnownFileType = sourcecode.c.objc; path = "NSObject+SBJSON.m"; sourceTree = "<group>"; };
		70E8EECC127FFE1500323D92 /* NSString+SBJSON.h */ = {isa = PBXFileReference; fileEncoding = 4; lastKnownFileType = sourcecode.c.h; path = "NSString+SBJSON.h"; sourceTree = "<group>"; };
		70E8EECD127FFE1500323D92 /* NSString+SBJSON.m */ = {isa = PBXFileReference; fileEncoding = 4; lastKnownFileType = sourcecode.c.objc; path = "NSString+SBJSON.m"; sourceTree = "<group>"; };
		70E8EECE127FFE1500323D92 /* SBJSON.h */ = {isa = PBXFileReference; fileEncoding = 4; lastKnownFileType = sourcecode.c.h; path = SBJSON.h; sourceTree = "<group>"; };
		70E8EECF127FFE1500323D92 /* SBJSON.m */ = {isa = PBXFileReference; fileEncoding = 4; lastKnownFileType = sourcecode.c.objc; path = SBJSON.m; sourceTree = "<group>"; };
		8D1107310486CEB800E47090 /* VerbatimTranslate-Info.plist */ = {isa = PBXFileReference; fileEncoding = 4; lastKnownFileType = text.plist.xml; path = "VerbatimTranslate-Info.plist"; plistStructureDefinitionIdentifier = "com.apple.xcode.plist.structure-definition.iphone.info-plist"; sourceTree = "<group>"; };
/* End PBXFileReference section */

/* Begin PBXFrameworksBuildPhase section */
		1D60588F0D05DD3D006BFB54 /* Frameworks */ = {
			isa = PBXFrameworksBuildPhase;
			buildActionMask = 2147483647;
			files = (
				1D60589F0D05DD5A006BFB54 /* Foundation.framework in Frameworks */,
				1DF5F4E00D08C38300B7A737 /* UIKit.framework in Frameworks */,
				288765590DF743DE002DB57D /* CoreGraphics.framework in Frameworks */,
				702C61D3127F89E1002BB9C6 /* libsqlite3.0.dylib in Frameworks */,
			);
			runOnlyForDeploymentPostprocessing = 0;
		};
/* End PBXFrameworksBuildPhase section */

/* Begin PBXGroup section */
		19C28FACFE9D520D11CA2CBB /* Products */ = {
			isa = PBXGroup;
			children = (
				1D6058910D05DD3D006BFB54 /* VerbatimTranslate.app */,
			);
			name = Products;
			sourceTree = "<group>";
		};
		281C6CD70DB2D82200F60ACC /* Flipside View */ = {
			isa = PBXGroup;
			children = (
				289233AC0DB2D0DB0083E9F9 /* FlipsideViewController.h */,
				289233AD0DB2D0DB0083E9F9 /* FlipsideViewController.m */,
			);
			name = "Flipside View";
			sourceTree = "<group>";
		};
		289233A00DB2D0730083E9F9 /* Main View */ = {
			isa = PBXGroup;
			children = (
				70E8EED3127FFE1A00323D92 /* JSON */,
				702C61BF127F897D002BB9C6 /* Auto Suggest */,
				7028E029127E1F960034EE04 /* Word Bubble */,
				1D3623240D0F684500981E51 /* VerbatimTranslateAppDelegate.h */,
				1D3623250D0F684500981E51 /* VerbatimTranslateAppDelegate.m */,
				289233A80DB2D0DB0083E9F9 /* MainViewController.h */,
				289233A90DB2D0DB0083E9F9 /* MainViewController.m */,
				7028DFB6127E19B50034EE04 /* ThemeController.h */,
				7028DFB7127E19B50034EE04 /* ThemeController.m */,
				70E84F14127E8099000FCCA8 /* VerbatimConstants.h */,
				7037479212828EA600421C51 /* FlagsTableViewController.h */,
				7037479312828EA600421C51 /* FlagsTableViewController.m */,
				7037498D128299C600421C51 /* FlagTableViewCell.h */,
				7037498E128299C600421C51 /* FlagTableViewCell.m */,
			);
			name = "Main View";
			sourceTree = "<group>";
		};
		29B97314FDCFA39411CA2CEA /* CustomTemplate */ = {
			isa = PBXGroup;
			children = (
				289233A00DB2D0730083E9F9 /* Main View */,
				281C6CD70DB2D82200F60ACC /* Flipside View */,
				29B97315FDCFA39411CA2CEA /* Other Sources */,
				29B97317FDCFA39411CA2CEA /* Resources */,
				29B97323FDCFA39411CA2CEA /* Frameworks */,
				19C28FACFE9D520D11CA2CBB /* Products */,
			);
			name = CustomTemplate;
			sourceTree = "<group>";
		};
		29B97315FDCFA39411CA2CEA /* Other Sources */ = {
			isa = PBXGroup;
			children = (
				32CA4F630368D1EE00C91783 /* VerbatimTranslate_Prefix.pch */,
				29B97316FDCFA39411CA2CEA /* main.m */,
			);
			name = "Other Sources";
			sourceTree = "<group>";
		};
		29B97317FDCFA39411CA2CEA /* Resources */ = {
			isa = PBXGroup;
			children = (
				70E85034127EA3FD000FCCA8 /* Theme PLists */,
				7023BA83127E1549008FCABE /* Backgrounds */,
				7023B9BC127E153C008FCABE /* Flags */,
				70E8506F127EA93B000FCCA8 /* wordbubblearrow.png */,
				70C1073812801072007BA298 /* Icon.png */,
				70E85070127EA93B000FCCA8 /* wordbubble.png */,
				703539C21282A2C000B9A8BE /* Bubble.png */,
				703539C31282A2C000B9A8BE /* Arrow2.png */,
				703539C41282A2C000B9A8BE /* Arrow1.png */,
				703539F71282A4C600B9A8BE /* Bubble_nostroke.png */,
				703539F81282A4C600B9A8BE /* Arrow2_nostroke.png */,
				703539F91282A4C600B9A8BE /* Arrow1_nostroke.png */,
				70E850CA127EAF53000FCCA8 /* wordbubblearrowreverse.png */,
				702C61D8127F8A1B002BB9C6 /* verbatim.sql */,
				702C61BD127F8970002BB9C6 /* AutoSuggestProtoViewController.xib */,
				70E85069127EA8F5000FCCA8 /* WordBubbleController.xib */,
				7023B950127E1510008FCABE /* WordViewController.xib */,
				280E754A0DD40C5E005A515E /* FlipsideView.xib */,
				280E754B0DD40C5E005A515E /* MainView.xib */,
				280E754C0DD40C5E005A515E /* MainWindow.xib */,
				8D1107310486CEB800E47090 /* VerbatimTranslate-Info.plist */,
				7023B935127E1444008FCABE /* Entitlements.plist */,
			);
			name = Resources;
			sourceTree = "<group>";
		};
		29B97323FDCFA39411CA2CEA /* Frameworks */ = {
			isa = PBXGroup;
			children = (
				1DF5F4DF0D08C38300B7A737 /* UIKit.framework */,
				1D30AB110D05D00D00671497 /* Foundation.framework */,
				288765580DF743DE002DB57D /* CoreGraphics.framework */,
				702C61D2127F89E1002BB9C6 /* libsqlite3.0.dylib */,
			);
			name = Frameworks;
			sourceTree = "<group>";
		};
		7023B9BC127E153C008FCABE /* Flags */ = {
			isa = PBXGroup;
			children = (
				703748CE128296A400421C51 /* Turkey40.png */,
				703748CF128296A400421C51 /* Turkey30.png */,
				703748D0128296A400421C51 /* Swedish40.png */,
				703748D1128296A400421C51 /* Swedish30.png */,
				703748D2128296A400421C51 /* SpanishLatinAmerica40.png */,
				703748D3128296A400421C51 /* SpanishLatinAmerica30.png */,
				703748D4128296A400421C51 /* SpanishEU40.png */,
				703748D5128296A400421C51 /* SpanishEU30.png */,
				703748D6128296A400421C51 /* Slovak40.png */,
				703748D7128296A400421C51 /* Slovak30.png */,
				703748D8128296A400421C51 /* Russian40.png */,
				703748D9128296A400421C51 /* Russian30.png */,
				703748DA128296A400421C51 /* PortugueseEU40.png */,
				703748DB128296A400421C51 /* PortugueseEU30.png */,
				703748DC128296A400421C51 /* PortugueseBrazil40.png */,
				703748DD128296A400421C51 /* PortugueseBrazil30.png */,
				703748DE128296A400421C51 /* Polish40.png */,
				703748DF128296A400421C51 /* Polish30.png */,
				703748E0128296A400421C51 /* Norwegian40.png */,
				703748E1128296A400421C51 /* Norwegian30.png */,
				703748E2128296A400421C51 /* Korean40.png */,
				703748E3128296A400421C51 /* Korean30.png */,
				703748E4128296A400421C51 /* Japanese40.png */,
				703748E5128296A400421C51 /* Japanese30.png */,
				703748E6128296A400421C51 /* Italian40.png */,
				703748E7128296A400421C51 /* Italian30.png */,
				703748E8128296A400421C51 /* Hungarian40.png */,
				703748E9128296A400421C51 /* Hungarian30.png */,
				703748EA128296A400421C51 /* German40.png */,
				703748EB128296A400421C51 /* German30.png */,
				703748EC128296A400421C51 /* FrenchEU40.png */,
				703748ED128296A400421C51 /* FrenchEU30.png */,
				703748EE128296A400421C51 /* FrenchCA40.png */,
				703748EF128296A400421C51 /* FrenchCA30.png */,
				703748F0128296A400421C51 /* Finnish40.png */,
				703748F1128296A400421C51 /* Finnish30.png */,
				703748F2128296A400421C51 /* EnglishUS40.png */,
				703748F3128296A400421C51 /* EnglishUS30.png */,
				703748F4128296A400421C51 /* EnglishUK40.png */,
				703748F5128296A400421C51 /* EnglishUK30.png */,
				703748F6128296A400421C51 /* Dutch40.png */,
				703748F7128296A400421C51 /* Dutch30.png */,
				703748F8128296A400421C51 /* Danish40.png */,
				703748F9128296A400421C51 /* Danish30.png */,
				703748FA128296A400421C51 /* Czech40.png */,
				703748FB128296A400421C51 /* Czech30.png */,
				703748FC128296A400421C51 /* ChineseTraditional40.png */,
				703748FD128296A400421C51 /* ChineseTraditional30.png */,
				703748FE128296A400421C51 /* ChineseSimplified40.png */,
				703748FF128296A400421C51 /* ChineseSimplified30.png */,
			);
			name = Flags;
			sourceTree = "<group>";
		};
		7023BA83127E1549008FCABE /* Backgrounds */ = {
			isa = PBXGroup;
			children = (
				7023B954127E1526008FCABE /* mariachi.png */,
				7023B955127E1526008FCABE /* panda.png */,
			);
			name = Backgrounds;
			sourceTree = "<group>";
		};
		7028E029127E1F960034EE04 /* Word Bubble */ = {
			isa = PBXGroup;
			children = (
				7028E023127E1F870034EE04 /* WordBubbleController.h */,
				7028E024127E1F870034EE04 /* WordBubbleController.m */,
				7028E025127E1F870034EE04 /* WordBubbleView.h */,
				7028E026127E1F870034EE04 /* WordBubbleView.m */,
			);
			name = "Word Bubble";
			sourceTree = "<group>";
		};
		702C61BF127F897D002BB9C6 /* Auto Suggest */ = {
			isa = PBXGroup;
			children = (
				702C61B9127F895F002BB9C6 /* AutoSuggestProtoViewController.h */,
				702C61BA127F895F002BB9C6 /* AutoSuggestProtoViewController.m */,
				702C61B7127F895F002BB9C6 /* AutoSuggestManager.h */,
				702C61B8127F895F002BB9C6 /* AutoSuggestManager.m */,
			);
			name = "Auto Suggest";
			sourceTree = "<group>";
		};
		70E85034127EA3FD000FCCA8 /* Theme PLists */ = {
			isa = PBXGroup;
			children = (
				70E85048127EA62C000FCCA8 /* default-theme.plist */,
			);
			name = "Theme PLists";
			sourceTree = "<group>";
		};
		70E8EED3127FFE1A00323D92 /* JSON */ = {
			isa = PBXGroup;
			children = (
				70E8EEC9127FFE1500323D92 /* JSON.h */,
				70E8EECA127FFE1500323D92 /* NSObject+SBJSON.h */,
				70E8EECB127FFE1500323D92 /* NSObject+SBJSON.m */,
				70E8EECC127FFE1500323D92 /* NSString+SBJSON.h */,
				70E8EECD127FFE1500323D92 /* NSString+SBJSON.m */,
				70E8EECE127FFE1500323D92 /* SBJSON.h */,
				70E8EECF127FFE1500323D92 /* SBJSON.m */,
			);
			name = JSON;
			sourceTree = "<group>";
		};
/* End PBXGroup section */

/* Begin PBXNativeTarget section */
		1D6058900D05DD3D006BFB54 /* VerbatimTranslate */ = {
			isa = PBXNativeTarget;
			buildConfigurationList = 1D6058960D05DD3E006BFB54 /* Build configuration list for PBXNativeTarget "VerbatimTranslate" */;
			buildPhases = (
				1D60588D0D05DD3D006BFB54 /* Resources */,
				1D60588E0D05DD3D006BFB54 /* Sources */,
				1D60588F0D05DD3D006BFB54 /* Frameworks */,
			);
			buildRules = (
			);
			dependencies = (
			);
			name = VerbatimTranslate;
			productName = VerbatimTranslate;
			productReference = 1D6058910D05DD3D006BFB54 /* VerbatimTranslate.app */;
			productType = "com.apple.product-type.application";
		};
/* End PBXNativeTarget section */

/* Begin PBXProject section */
		29B97313FDCFA39411CA2CEA /* Project object */ = {
			isa = PBXProject;
			buildConfigurationList = C01FCF4E08A954540054247B /* Build configuration list for PBXProject "VerbatimTranslate" */;
			compatibilityVersion = "Xcode 3.2";
			developmentRegion = English;
			hasScannedForEncodings = 1;
			knownRegions = (
				English,
				Japanese,
				French,
				German,
				en,
			);
			mainGroup = 29B97314FDCFA39411CA2CEA /* CustomTemplate */;
			projectDirPath = "";
			projectRoot = "";
			targets = (
				1D6058900D05DD3D006BFB54 /* VerbatimTranslate */,
			);
		};
/* End PBXProject section */

/* Begin PBXResourcesBuildPhase section */
		1D60588D0D05DD3D006BFB54 /* Resources */ = {
			isa = PBXResourcesBuildPhase;
			buildActionMask = 2147483647;
			files = (
				280E754D0DD40C5E005A515E /* FlipsideView.xib in Resources */,
				280E754E0DD40C5E005A515E /* MainView.xib in Resources */,
				280E754F0DD40C5E005A515E /* MainWindow.xib in Resources */,
				7023B952127E1510008FCABE /* WordViewController.xib in Resources */,
				7023B956127E1526008FCABE /* mariachi.png in Resources */,
				7023B957127E1526008FCABE /* panda.png in Resources */,
				70E85049127EA62C000FCCA8 /* default-theme.plist in Resources */,
				70E8506A127EA8F5000FCCA8 /* WordBubbleController.xib in Resources */,
				70E85071127EA93B000FCCA8 /* wordbubblearrow.png in Resources */,
				70E85072127EA93B000FCCA8 /* wordbubble.png in Resources */,
				70E850CB127EAF53000FCCA8 /* wordbubblearrowreverse.png in Resources */,
				702C61BE127F8970002BB9C6 /* AutoSuggestProtoViewController.xib in Resources */,
				702C61D9127F8A1B002BB9C6 /* verbatim.sql in Resources */,
				70C1073912801072007BA298 /* Icon.png in Resources */,
				70374900128296A400421C51 /* Turkey40.png in Resources */,
				70374901128296A400421C51 /* Turkey30.png in Resources */,
				70374902128296A400421C51 /* Swedish40.png in Resources */,
				70374903128296A400421C51 /* Swedish30.png in Resources */,
				70374904128296A400421C51 /* SpanishLatinAmerica40.png in Resources */,
				70374905128296A400421C51 /* SpanishLatinAmerica30.png in Resources */,
				70374906128296A400421C51 /* SpanishEU40.png in Resources */,
				70374907128296A400421C51 /* SpanishEU30.png in Resources */,
				70374908128296A400421C51 /* Slovak40.png in Resources */,
				70374909128296A400421C51 /* Slovak30.png in Resources */,
				7037490A128296A400421C51 /* Russian40.png in Resources */,
				7037490B128296A400421C51 /* Russian30.png in Resources */,
				7037490C128296A400421C51 /* PortugueseEU40.png in Resources */,
				7037490D128296A400421C51 /* PortugueseEU30.png in Resources */,
				7037490E128296A400421C51 /* PortugueseBrazil40.png in Resources */,
				7037490F128296A400421C51 /* PortugueseBrazil30.png in Resources */,
				70374910128296A400421C51 /* Polish40.png in Resources */,
				70374911128296A400421C51 /* Polish30.png in Resources */,
				70374912128296A400421C51 /* Norwegian40.png in Resources */,
				70374913128296A400421C51 /* Norwegian30.png in Resources */,
				70374914128296A400421C51 /* Korean40.png in Resources */,
				70374915128296A400421C51 /* Korean30.png in Resources */,
				70374916128296A400421C51 /* Japanese40.png in Resources */,
				70374917128296A400421C51 /* Japanese30.png in Resources */,
				70374918128296A400421C51 /* Italian40.png in Resources */,
				70374919128296A400421C51 /* Italian30.png in Resources */,
				7037491A128296A400421C51 /* Hungarian40.png in Resources */,
				7037491B128296A400421C51 /* Hungarian30.png in Resources */,
				7037491C128296A400421C51 /* German40.png in Resources */,
				7037491D128296A400421C51 /* German30.png in Resources */,
				7037491E128296A400421C51 /* FrenchEU40.png in Resources */,
				7037491F128296A400421C51 /* FrenchEU30.png in Resources */,
				70374920128296A400421C51 /* FrenchCA40.png in Resources */,
				70374921128296A400421C51 /* FrenchCA30.png in Resources */,
				70374922128296A400421C51 /* Finnish40.png in Resources */,
				70374923128296A400421C51 /* Finnish30.png in Resources */,
				70374924128296A400421C51 /* EnglishUS40.png in Resources */,
				70374925128296A400421C51 /* EnglishUS30.png in Resources */,
				70374926128296A400421C51 /* EnglishUK40.png in Resources */,
				70374927128296A400421C51 /* EnglishUK30.png in Resources */,
				70374928128296A400421C51 /* Dutch40.png in Resources */,
				70374929128296A400421C51 /* Dutch30.png in Resources */,
				7037492A128296A400421C51 /* Danish40.png in Resources */,
				7037492B128296A400421C51 /* Danish30.png in Resources */,
				7037492C128296A400421C51 /* Czech40.png in Resources */,
				7037492D128296A400421C51 /* Czech30.png in Resources */,
				7037492E128296A400421C51 /* ChineseTraditional40.png in Resources */,
				7037492F128296A400421C51 /* ChineseTraditional30.png in Resources */,
				70374930128296A400421C51 /* ChineseSimplified40.png in Resources */,
				70374931128296A400421C51 /* ChineseSimplified30.png in Resources */,
				703539C51282A2C000B9A8BE /* Bubble.png in Resources */,
				703539C61282A2C000B9A8BE /* Arrow2.png in Resources */,
				703539C71282A2C000B9A8BE /* Arrow1.png in Resources */,
				703539FA1282A4C600B9A8BE /* Bubble_nostroke.png in Resources */,
				703539FB1282A4C600B9A8BE /* Arrow2_nostroke.png in Resources */,
				703539FC1282A4C600B9A8BE /* Arrow1_nostroke.png in Resources */,
			);
			runOnlyForDeploymentPostprocessing = 0;
		};
/* End PBXResourcesBuildPhase section */

/* Begin PBXSourcesBuildPhase section */
		1D60588E0D05DD3D006BFB54 /* Sources */ = {
			isa = PBXSourcesBuildPhase;
			buildActionMask = 2147483647;
			files = (
				1D60589B0D05DD56006BFB54 /* main.m in Sources */,
				1D3623260D0F684500981E51 /* VerbatimTranslateAppDelegate.m in Sources */,
				289233AE0DB2D0DB0083E9F9 /* MainViewController.m in Sources */,
				289233B00DB2D0DB0083E9F9 /* FlipsideViewController.m in Sources */,
				7028DFB9127E19B50034EE04 /* ThemeController.m in Sources */,
				7028E027127E1F870034EE04 /* WordBubbleController.m in Sources */,
				7028E028127E1F870034EE04 /* WordBubbleView.m in Sources */,
				702C61BB127F895F002BB9C6 /* AutoSuggestManager.m in Sources */,
				702C61BC127F895F002BB9C6 /* AutoSuggestProtoViewController.m in Sources */,
				70E8EED0127FFE1500323D92 /* NSObject+SBJSON.m in Sources */,
				70E8EED1127FFE1500323D92 /* NSString+SBJSON.m in Sources */,
				70E8EED2127FFE1500323D92 /* SBJSON.m in Sources */,
				7037479512828EA600421C51 /* FlagsTableViewController.m in Sources */,
				7037498F128299C600421C51 /* FlagTableViewCell.m in Sources */,
			);
			runOnlyForDeploymentPostprocessing = 0;
		};
/* End PBXSourcesBuildPhase section */

/* Begin XCBuildConfiguration section */
		1D6058940D05DD3E006BFB54 /* Debug */ = {
			isa = XCBuildConfiguration;
			buildSettings = {
				ALWAYS_SEARCH_USER_PATHS = NO;
				CODE_SIGN_ENTITLEMENTS = "~/Projects/Verbatim/Primary/VerbatimTranslate/Entitlements.plist";
				COPY_PHASE_STRIP = NO;
				GCC_DYNAMIC_NO_PIC = NO;
				GCC_OPTIMIZATION_LEVEL = 0;
				GCC_PRECOMPILE_PREFIX_HEADER = YES;
				GCC_PREFIX_HEADER = VerbatimTranslate_Prefix.pch;
				INFOPLIST_FILE = "VerbatimTranslate-Info.plist";
				PRODUCT_NAME = VerbatimTranslate;
			};
			name = Debug;
		};
		1D6058950D05DD3E006BFB54 /* Release */ = {
			isa = XCBuildConfiguration;
			buildSettings = {
				ALWAYS_SEARCH_USER_PATHS = NO;
				CODE_SIGN_ENTITLEMENTS = "~/Projects/Verbatim/Primary/VerbatimTranslate/Entitlements.plist";
				COPY_PHASE_STRIP = YES;
				GCC_PRECOMPILE_PREFIX_HEADER = YES;
				GCC_PREFIX_HEADER = VerbatimTranslate_Prefix.pch;
				INFOPLIST_FILE = "VerbatimTranslate-Info.plist";
				PRODUCT_NAME = VerbatimTranslate;
				VALIDATE_PRODUCT = YES;
			};
			name = Release;
		};
		7023B92D127E12F6008FCABE /* Distribution */ = {
			isa = XCBuildConfiguration;
			buildSettings = {
				ARCHS = "$(ARCHS_STANDARD_32_BIT)";
				CODE_SIGN_ENTITLEMENTS = Entitlements.plist;
				CODE_SIGN_IDENTITY = "iPhone Distribution: Matt WEIGHT";
				"CODE_SIGN_IDENTITY[sdk=iphoneos*]" = "iPhone Distribution: Matt WEIGHT";
				GCC_C_LANGUAGE_STANDARD = c99;
				GCC_WARN_ABOUT_RETURN_TYPE = YES;
				GCC_WARN_UNUSED_VARIABLE = YES;
				OTHER_CFLAGS = "-DNS_BLOCK_ASSERTIONS=1";
				PREBINDING = NO;
				PROVISIONING_PROFILE = "51954C3E-8BBB-44C9-9E11-BA1CD3D983E1";
				"PROVISIONING_PROFILE[sdk=iphoneos*]" = "51954C3E-8BBB-44C9-9E11-BA1CD3D983E1";
				SDKROOT = iphoneos4.1;
			};
			name = Distribution;
		};
		7023B92E127E12F6008FCABE /* Distribution */ = {
			isa = XCBuildConfiguration;
			buildSettings = {
				ALWAYS_SEARCH_USER_PATHS = NO;
				CODE_SIGN_ENTITLEMENTS = Entitlements.plist;
				CODE_SIGN_IDENTITY = "iPhone Distribution: Matt WEIGHT";
				"CODE_SIGN_IDENTITY[sdk=iphoneos*]" = "iPhone Distribution: Matt WEIGHT";
				COPY_PHASE_STRIP = YES;
				GCC_PRECOMPILE_PREFIX_HEADER = YES;
				GCC_PREFIX_HEADER = VerbatimTranslate_Prefix.pch;
				INFOPLIST_FILE = "VerbatimTranslate-Info.plist";
				PRODUCT_NAME = VerbatimTranslate;
				PROVISIONING_PROFILE = "51954C3E-8BBB-44C9-9E11-BA1CD3D983E1";
				"PROVISIONING_PROFILE[sdk=iphoneos*]" = "51954C3E-8BBB-44C9-9E11-BA1CD3D983E1";
				VALIDATE_PRODUCT = YES;
			};
			name = Distribution;
		};
		C01FCF4F08A954540054247B /* Debug */ = {
			isa = XCBuildConfiguration;
			buildSettings = {
				ARCHS = "$(ARCHS_STANDARD_32_BIT)";
				"CODE_SIGN_IDENTITY[sdk=iphoneos*]" = "iPhone Developer";
				GCC_C_LANGUAGE_STANDARD = c99;
				GCC_WARN_ABOUT_RETURN_TYPE = YES;
				GCC_WARN_UNUSED_VARIABLE = YES;
				PREBINDING = NO;
				SDKROOT = iphoneos4.1;
			};
			name = Debug;
		};
		C01FCF5008A954540054247B /* Release */ = {
			isa = XCBuildConfiguration;
			buildSettings = {
				ARCHS = "$(ARCHS_STANDARD_32_BIT)";
				"CODE_SIGN_IDENTITY[sdk=iphoneos*]" = "iPhone Developer";
				GCC_C_LANGUAGE_STANDARD = c99;
				GCC_WARN_ABOUT_RETURN_TYPE = YES;
				GCC_WARN_UNUSED_VARIABLE = YES;
				OTHER_CFLAGS = "-DNS_BLOCK_ASSERTIONS=1";
				PREBINDING = NO;
				SDKROOT = iphoneos4.1;
			};
			name = Release;
		};
/* End XCBuildConfiguration section */

/* Begin XCConfigurationList section */
		1D6058960D05DD3E006BFB54 /* Build configuration list for PBXNativeTarget "VerbatimTranslate" */ = {
			isa = XCConfigurationList;
			buildConfigurations = (
				1D6058940D05DD3E006BFB54 /* Debug */,
				1D6058950D05DD3E006BFB54 /* Release */,
				7023B92E127E12F6008FCABE /* Distribution */,
			);
			defaultConfigurationIsVisible = 0;
			defaultConfigurationName = Release;
		};
		C01FCF4E08A954540054247B /* Build configuration list for PBXProject "VerbatimTranslate" */ = {
			isa = XCConfigurationList;
			buildConfigurations = (
				C01FCF4F08A954540054247B /* Debug */,
				C01FCF5008A954540054247B /* Release */,
				7023B92D127E12F6008FCABE /* Distribution */,
			);
			defaultConfigurationIsVisible = 0;
			defaultConfigurationName = Release;
		};
/* End XCConfigurationList section */
	};
	rootObject = 29B97313FDCFA39411CA2CEA /* Project object */;
}
